
Microsoft Visual Studio Solution File, Format Version 12.00
# Visual Studio Version 17
VisualStudioVersion = 17.4.33403.182
MinimumVisualStudioVersion = 10.0.40219.1
Project("{FAE04EC0-301F-11D3-BF4B-00C04F79EFBC}") = "Day21_CustomerDetailsDB", "Day21_CustomerDetailsDB\Day21_CustomerDetailsDB.csproj", "{5A7B9091-2C9F-428B-8F0B-735E98788950}"
EndProject
Global
	GlobalSection(SolutionConfigurationPlatforms) = preSolution
		Debug|Any CPU = Debug|Any CPU
		Release|Any CPU = Release|Any CPU
	EndGlobalSection
	GlobalSection(ProjectConfigurationPlatforms) = postSolution
		{5A7B9091-2C9F-428B-8F0B-735E98788950}.Debug|Any CPU.ActiveCfg = Debug|Any CPU
		{5A7B9091-2C9F-428B-8F0B-735E98788950}.Debug|Any CPU.Build.0 = Debug|Any CPU
		{5A7B9091-2C9F-428B-8F0B-735E98788950}.Release|Any CPU.ActiveCfg = Release|Any CPU
		{5A7B9091-2C9F-428B-8F0B-735E98788950}.Release|Any CPU.Build.0 = Release|Any CPU
	EndGlobalSection
	GlobalSection(SolutionProperties) = preSolution
		HideSolutionNode = FALSE
	EndGlobalSection
	GlobalSection(ExtensibilityGlobals) = postSolution
		SolutionGuid = {C9207001-C47D-4F18-9DFB-069C338939A1}
	EndGlobalSection
EndGlobal
